# THIS IS AN AUTOGENERATED FILE. DO NOT EDIT THIS FILE DIRECTLY.
# yarn lockfile v1


"@napi-rs/cli@^2.14.8":
  version "2.14.8"
  resolved "https://registry.yarnpkg.com/@napi-rs/cli/-/cli-2.14.8.tgz#06cca37e149ba4ffb3c3a01617d0f104b27e11c0"
  integrity sha512-IvA3s8BqohMdUbOkFn7+23u1dhIJZCkA8Xps7DD4SLdCMbcbUF6MUuKiqxuqmVHBFTaxU25sU56WdX3efqGgPw==
